
Microsoft Visual Studio Solution File, Format Version 12.00
# Visual Studio Version 17
VisualStudioVersion = 17.4.33205.214
MinimumVisualStudioVersion = 10.0.40219.1
Project("{8BC9CEB8-8B4A-11D0-8D11-00A0C91BC942}") = "xandoc", "xandoc.vcxproj", "{245C5A60-73C8-4098-B531-986118ED4F82}"
EndProject
Global
	GlobalSection(SolutionConfigurationPlatforms) = preSolution
		Debug|x64 = Debug|x64
		Debug|x86 = Debug|x86
		Release|x64 = Release|x64
		Release|x86 = Release|x86
	EndGlobalSection
	GlobalSection(ProjectConfigurationPlatforms) = postSolution
		{245C5A60-73C8-4098-B531-986118ED4F82}.Debug|x64.ActiveCfg = Debug|x64
		{245C5A60-73C8-4098-B531-986118ED4F82}.Debug|x64.Build.0 = Debug|x64
		{245C5A60-73C8-4098-B531-986118ED4F82}.Debug|x86.ActiveCfg = Debug|Win32
		{245C5A60-73C8-4098-B531-986118ED4F82}.Debug|x86.Build.0 = Debug|Win32
		{245C5A60-73C8-4098-B531-986118ED4F82}.Release|x64.ActiveCfg = Release|x64
		{245C5A60-73C8-4098-B531-986118ED4F82}.Release|x64.Build.0 = Release|x64
		{245C5A60-73C8-4098-B531-986118ED4F82}.Release|x86.ActiveCfg = Release|Win32
		{245C5A60-73C8-4098-B531-986118ED4F82}.Release|x86.Build.0 = Release|Win32
	EndGlobalSection
	GlobalSection(SolutionProperties) = preSolution
		HideSolutionNode = FALSE
	EndGlobalSection
	GlobalSection(ExtensibilityGlobals) = postSolution
		SolutionGuid = {0099AB33-D317-4F1B-886F-03821B959835}
	EndGlobalSection
EndGlobal
